
Microsoft Visual Studio Solution File, Format Version 12.00
# Visual Studio Version 17
VisualStudioVersion = 17.1.32421.90
MinimumVisualStudioVersion = 10.0.40219.1
Project("{FAE04EC0-301F-11D3-BF4B-00C04F79EFBC}") = "exercicios1", "exercicios1\exercicios1.csproj", "{955780C4-F6B3-449D-B11C-93B6699620F6}"
EndProject
Global
	GlobalSection(SolutionConfigurationPlatforms) = preSolution
		Debug|Any CPU = Debug|Any CPU
		Release|Any CPU = Release|Any CPU
	EndGlobalSection
	GlobalSection(ProjectConfigurationPlatforms) = postSolution
		{955780C4-F6B3-449D-B11C-93B6699620F6}.Debug|Any CPU.ActiveCfg = Debug|Any CPU
		{955780C4-F6B3-449D-B11C-93B6699620F6}.Debug|Any CPU.Build.0 = Debug|Any CPU
		{955780C4-F6B3-449D-B11C-93B6699620F6}.Release|Any CPU.ActiveCfg = Release|Any CPU
		{955780C4-F6B3-449D-B11C-93B6699620F6}.Release|Any CPU.Build.0 = Release|Any CPU
	EndGlobalSection
	GlobalSection(SolutionProperties) = preSolution
		HideSolutionNode = FALSE
	EndGlobalSection
	GlobalSection(ExtensibilityGlobals) = postSolution
		SolutionGuid = {A271194A-D81E-480C-BCFA-114E9B0E473B}
	EndGlobalSection
EndGlobal
